
Microsoft Visual Studio Solution File, Format Version 12.00
# Visual Studio Version 16
VisualStudioVersion = 16.0.31205.134
MinimumVisualStudioVersion = 10.0.40219.1
Project("{8BC9CEB8-8B4A-11D0-8D11-00A0C91BC942}") = "chapter4 변수와 자료형 연습문제", "chapter4 변수와 자료형 연습문제\chapter4 변수와 자료형 연습문제.vcxproj", "{8C1FD694-41F2-4BB9-8405-EABF3624D4A5}"
EndProject
Project("{8BC9CEB8-8B4A-11D0-8D11-00A0C91BC942}") = "연습문제02", "연습문제02\연습문제02.vcxproj", "{D517D8EB-4C13-473C-98B6-937E65433B13}"
EndProject
Project("{8BC9CEB8-8B4A-11D0-8D11-00A0C91BC942}") = "03", "03\03.vcxproj", "{1F2FE806-E211-4FFE-8EC5-873EDCA6EF47}"
EndProject
Project("{8BC9CEB8-8B4A-11D0-8D11-00A0C91BC942}") = "04", "04\04.vcxproj", "{0B02E9BA-9C07-45E8-A18E-1490611152E5}"
EndProject
Project("{8BC9CEB8-8B4A-11D0-8D11-00A0C91BC942}") = "05", "05\05.vcxproj", "{FB267D21-EB5D-4DF3-AC78-2293279F68B0}"
EndProject
Project("{8BC9CEB8-8B4A-11D0-8D11-00A0C91BC942}") = "06", "06\06.vcxproj", "{D5E3A49D-FDDC-487D-ADAB-ACEA5C0A1378}"
EndProject
Project("{8BC9CEB8-8B4A-11D0-8D11-00A0C91BC942}") = "07", "07\07.vcxproj", "{8FE8B127-C63F-4FBF-AFC4-CA4118F7DBB2}"
EndProject
Project("{8BC9CEB8-8B4A-11D0-8D11-00A0C91BC942}") = "08", "08\08.vcxproj", "{0FFDD785-CA57-4344-A1C1-1F0B55BE6D3D}"
EndProject
Project("{8BC9CEB8-8B4A-11D0-8D11-00A0C91BC942}") = "09", "09\09.vcxproj", "{1227947E-7C64-4E02-AE97-CB817EB559DE}"
EndProject
Project("{8BC9CEB8-8B4A-11D0-8D11-00A0C91BC942}") = "10", "10\10.vcxproj", "{E5038DB8-9BBD-4E07-A310-CE59DAF50D3E}"
EndProject
Project("{8BC9CEB8-8B4A-11D0-8D11-00A0C91BC942}") = "11", "11\11.vcxproj", "{D2A039AE-2735-46CC-9CE1-ADE314424299}"
EndProject
Global
	GlobalSection(SolutionConfigurationPlatforms) = preSolution
		Debug|x64 = Debug|x64
		Debug|x86 = Debug|x86
		Release|x64 = Release|x64
		Release|x86 = Release|x86
	EndGlobalSection
	GlobalSection(ProjectConfigurationPlatforms) = postSolution
		{8C1FD694-41F2-4BB9-8405-EABF3624D4A5}.Debug|x64.ActiveCfg = Debug|x64
		{8C1FD694-41F2-4BB9-8405-EABF3624D4A5}.Debug|x64.Build.0 = Debug|x64
		{8C1FD694-41F2-4BB9-8405-EABF3624D4A5}.Debug|x86.ActiveCfg = Debug|Win32
		{8C1FD694-41F2-4BB9-8405-EABF3624D4A5}.Debug|x86.Build.0 = Debug|Win32
		{8C1FD694-41F2-4BB9-8405-EABF3624D4A5}.Release|x64.ActiveCfg = Release|x64
		{8C1FD694-41F2-4BB9-8405-EABF3624D4A5}.Release|x64.Build.0 = Release|x64
		{8C1FD694-41F2-4BB9-8405-EABF3624D4A5}.Release|x86.ActiveCfg = Release|Win32
		{8C1FD694-41F2-4BB9-8405-EABF3624D4A5}.Release|x86.Build.0 = Release|Win32
		{D517D8EB-4C13-473C-98B6-937E65433B13}.Debug|x64.ActiveCfg = Debug|x64
		{D517D8EB-4C13-473C-98B6-937E65433B13}.Debug|x64.Build.0 = Debug|x64
		{D517D8EB-4C13-473C-98B6-937E65433B13}.Debug|x86.ActiveCfg = Debug|Win32
		{D517D8EB-4C13-473C-98B6-937E65433B13}.Debug|x86.Build.0 = Debug|Win32
		{D517D8EB-4C13-473C-98B6-937E65433B13}.Release|x64.ActiveCfg = Release|x64
		{D517D8EB-4C13-473C-98B6-937E65433B13}.Release|x64.Build.0 = Release|x64
		{D517D8EB-4C13-473C-98B6-937E65433B13}.Release|x86.ActiveCfg = Release|Win32
		{D517D8EB-4C13-473C-98B6-937E65433B13}.Release|x86.Build.0 = Release|Win32
		{1F2FE806-E211-4FFE-8EC5-873EDCA6EF47}.Debug|x64.ActiveCfg = Debug|x64
		{1F2FE806-E211-4FFE-8EC5-873EDCA6EF47}.Debug|x64.Build.0 = Debug|x64
		{1F2FE806-E211-4FFE-8EC5-873EDCA6EF47}.Debug|x86.ActiveCfg = Debug|Win32
		{1F2FE806-E211-4FFE-8EC5-873EDCA6EF47}.Debug|x86.Build.0 = Debug|Win32
		{1F2FE806-E211-4FFE-8EC5-873EDCA6EF47}.Release|x64.ActiveCfg = Release|x64
		{1F2FE806-E211-4FFE-8EC5-873EDCA6EF47}.Release|x64.Build.0 = Release|x64
		{1F2FE806-E211-4FFE-8EC5-873EDCA6EF47}.Release|x86.ActiveCfg = Release|Win32
		{1F2FE806-E211-4FFE-8EC5-873EDCA6EF47}.Release|x86.Build.0 = Release|Win32
		{0B02E9BA-9C07-45E8-A18E-1490611152E5}.Debug|x64.ActiveCfg = Debug|x64
		{0B02E9BA-9C07-45E8-A18E-1490611152E5}.Debug|x64.Build.0 = Debug|x64
		{0B02E9BA-9C07-45E8-A18E-1490611152E5}.Debug|x86.ActiveCfg = Debug|Win32
		{0B02E9BA-9C07-45E8-A18E-1490611152E5}.Debug|x86.Build.0 = Debug|Win32
		{0B02E9BA-9C07-45E8-A18E-1490611152E5}.Release|x64.ActiveCfg = Release|x64
		{0B02E9BA-9C07-45E8-A18E-1490611152E5}.Release|x64.Build.0 = Release|x64
		{0B02E9BA-9C07-45E8-A18E-1490611152E5}.Release|x86.ActiveCfg = Release|Win32
		{0B02E9BA-9C07-45E8-A18E-1490611152E5}.Release|x86.Build.0 = Release|Win32
		{FB267D21-EB5D-4DF3-AC78-2293279F68B0}.Debug|x64.ActiveCfg = Debug|x64
		{FB267D21-EB5D-4DF3-AC78-2293279F68B0}.Debug|x64.Build.0 = Debug|x64
		{FB267D21-EB5D-4DF3-AC78-2293279F68B0}.Debug|x86.ActiveCfg = Debug|Win32
		{FB267D21-EB5D-4DF3-AC78-2293279F68B0}.Debug|x86.Build.0 = Debug|Win32
		{FB267D21-EB5D-4DF3-AC78-2293279F68B0}.Release|x64.ActiveCfg = Release|x64
		{FB267D21-EB5D-4DF3-AC78-2293279F68B0}.Release|x64.Build.0 = Release|x64
		{FB267D21-EB5D-4DF3-AC78-2293279F68B0}.Release|x86.ActiveCfg = Release|Win32
		{FB267D21-EB5D-4DF3-AC78-2293279F68B0}.Release|x86.Build.0 = Release|Win32
		{D5E3A49D-FDDC-487D-ADAB-ACEA5C0A1378}.Debug|x64.ActiveCfg = Debug|x64
		{D5E3A49D-FDDC-487D-ADAB-ACEA5C0A1378}.Debug|x64.Build.0 = Debug|x64
		{D5E3A49D-FDDC-487D-ADAB-ACEA5C0A1378}.Debug|x86.ActiveCfg = Debug|Win32
		{D5E3A49D-FDDC-487D-ADAB-ACEA5C0A1378}.Debug|x86.Build.0 = Debug|Win32
		{D5E3A49D-FDDC-487D-ADAB-ACEA5C0A1378}.Release|x64.ActiveCfg = Release|x64
		{D5E3A49D-FDDC-487D-ADAB-ACEA5C0A1378}.Release|x64.Build.0 = Release|x64
		{D5E3A49D-FDDC-487D-ADAB-ACEA5C0A1378}.Release|x86.ActiveCfg = Release|Win32
		{D5E3A49D-FDDC-487D-ADAB-ACEA5C0A1378}.Release|x86.Build.0 = Release|Win32
		{8FE8B127-C63F-4FBF-AFC4-CA4118F7DBB2}.Debug|x64.ActiveCfg = Debug|x64
		{8FE8B127-C63F-4FBF-AFC4-CA4118F7DBB2}.Debug|x64.Build.0 = Debug|x64
		{8FE8B127-C63F-4FBF-AFC4-CA4118F7DBB2}.Debug|x86.ActiveCfg = Debug|Win32
		{8FE8B127-C63F-4FBF-AFC4-CA4118F7DBB2}.Debug|x86.Build.0 = Debug|Win32
		{8FE8B127-C63F-4FBF-AFC4-CA4118F7DBB2}.Release|x64.ActiveCfg = Release|x64
		{8FE8B127-C63F-4FBF-AFC4-CA4118F7DBB2}.Release|x64.Build.0 = Release|x64
		{8FE8B127-C63F-4FBF-AFC4-CA4118F7DBB2}.Release|x86.ActiveCfg = Release|Win32
		{8FE8B127-C63F-4FBF-AFC4-CA4118F7DBB2}.Release|x86.Build.0 = Release|Win32
		{0FFDD785-CA57-4344-A1C1-1F0B55BE6D3D}.Debug|x64.ActiveCfg = Debug|x64
		{0FFDD785-CA57-4344-A1C1-1F0B55BE6D3D}.Debug|x64.Build.0 = Debug|x64
		{0FFDD785-CA57-4344-A1C1-1F0B55BE6D3D}.Debug|x86.ActiveCfg = Debug|Win32
		{0FFDD785-CA57-4344-A1C1-1F0B55BE6D3D}.Debug|x86.Build.0 = Debug|Win32
		{0FFDD785-CA57-4344-A1C1-1F0B55BE6D3D}.Release|x64.ActiveCfg = Release|x64
		{0FFDD785-CA57-4344-A1C1-1F0B55BE6D3D}.Release|x64.Build.0 = Release|x64
		{0FFDD785-CA57-4344-A1C1-1F0B55BE6D3D}.Release|x86.ActiveCfg = Release|Win32
		{0FFDD785-CA57-4344-A1C1-1F0B55BE6D3D}.Release|x86.Build.0 = Release|Win32
		{1227947E-7C64-4E02-AE97-CB817EB559DE}.Debug|x64.ActiveCfg = Debug|x64
		{1227947E-7C64-4E02-AE97-CB817EB559DE}.Debug|x64.Build.0 = Debug|x64
		{1227947E-7C64-4E02-AE97-CB817EB559DE}.Debug|x86.ActiveCfg = Debug|Win32
		{1227947E-7C64-4E02-AE97-CB817EB559DE}.Debug|x86.Build.0 = Debug|Win32
		{1227947E-7C64-4E02-AE97-CB817EB559DE}.Release|x64.ActiveCfg = Release|x64
		{1227947E-7C64-4E02-AE97-CB817EB559DE}.Release|x64.Build.0 = Release|x64
		{1227947E-7C64-4E02-AE97-CB817EB559DE}.Release|x86.ActiveCfg = Release|Win32
		{1227947E-7C64-4E02-AE97-CB817EB559DE}.Release|x86.Build.0 = Release|Win32
		{E5038DB8-9BBD-4E07-A310-CE59DAF50D3E}.Debug|x64.ActiveCfg = Debug|x64
		{E5038DB8-9BBD-4E07-A310-CE59DAF50D3E}.Debug|x64.Build.0 = Debug|x64
		{E5038DB8-9BBD-4E07-A310-CE59DAF50D3E}.Debug|x86.ActiveCfg = Debug|Win32
		{E5038DB8-9BBD-4E07-A310-CE59DAF50D3E}.Debug|x86.Build.0 = Debug|Win32
		{E5038DB8-9BBD-4E07-A310-CE59DAF50D3E}.Release|x64.ActiveCfg = Release|x64
		{E5038DB8-9BBD-4E07-A310-CE59DAF50D3E}.Release|x64.Build.0 = Release|x64
		{E5038DB8-9BBD-4E07-A310-CE59DAF50D3E}.Release|x86.ActiveCfg = Release|Win32
		{E5038DB8-9BBD-4E07-A310-CE59DAF50D3E}.Release|x86.Build.0 = Release|Win32
		{D2A039AE-2735-46CC-9CE1-ADE314424299}.Debug|x64.ActiveCfg = Debug|x64
		{D2A039AE-2735-46CC-9CE1-ADE314424299}.Debug|x64.Build.0 = Debug|x64
		{D2A039AE-2735-46CC-9CE1-ADE314424299}.Debug|x86.ActiveCfg = Debug|Win32
		{D2A039AE-2735-46CC-9CE1-ADE314424299}.Debug|x86.Build.0 = Debug|Win32
		{D2A039AE-2735-46CC-9CE1-ADE314424299}.Release|x64.ActiveCfg = Release|x64
		{D2A039AE-2735-46CC-9CE1-ADE314424299}.Release|x64.Build.0 = Release|x64
		{D2A039AE-2735-46CC-9CE1-ADE314424299}.Release|x86.ActiveCfg = Release|Win32
		{D2A039AE-2735-46CC-9CE1-ADE314424299}.Release|x86.Build.0 = Release|Win32
	EndGlobalSection
	GlobalSection(SolutionProperties) = preSolution
		HideSolutionNode = FALSE
	EndGlobalSection
	GlobalSection(ExtensibilityGlobals) = postSolution
		SolutionGuid = {DCC3A9B3-F7C6-4395-92EC-07256CF932CF}
	EndGlobalSection
EndGlobal
